Microsoft Visual Studio Solution File, Format Version 12.00
# Visual Studio Version 17
VisualStudioVersion = 17.5.2.0
MinimumVisualStudioVersion = 10.0.40219.1
Project("{FAE04EC0-301F-11D3-BF4B-00C04F79EFBC}") = "PriceQuotationApp", "PriceQuotationApp\PriceQuotationApp.csproj", "{43E77C12-66C3-367D-5550-E1682997622D}"
EndProject
Global
	GlobalSection(SolutionConfigurationPlatforms) = preSolution
		Debug|Any CPU = Debug|Any CPU
		Release|Any CPU = Release|Any CPU
	EndGlobalSection
	GlobalSection(ProjectConfigurationPlatforms) = postSolution
		{43E77C12-66C3-367D-5550-E1682997622D}.Debug|Any CPU.ActiveCfg = Debug|Any CPU
		{43E77C12-66C3-367D-5550-E1682997622D}.Debug|Any CPU.Build.0 = Debug|Any CPU
		{43E77C12-66C3-367D-5550-E1682997622D}.Release|Any CPU.ActiveCfg = Release|Any CPU
		{43E77C12-66C3-367D-5550-E1682997622D}.Release|Any CPU.Build.0 = Release|Any CPU
	EndGlobalSection
	GlobalSection(SolutionProperties) = preSolution
		HideSolutionNode = FALSE
	EndGlobalSection
	GlobalSection(ExtensibilityGlobals) = postSolution
		SolutionGuid = {7FEDEFAC-2408-4B6E-A1A7-C47B10E228C9}
	EndGlobalSection
EndGlobal
